
Microsoft Visual Studio Solution File, Format Version 12.00
# Visual Studio Version 17
VisualStudioVersion = 17.14.35906.104 d17.14
MinimumVisualStudioVersion = 10.0.40219.1
Project("{FAE04EC0-301F-11D3-BF4B-00C04F79EFBC}") = "ReviewAnalyzer", "ReviewAnalyzer\ReviewAnalyzer.csproj", "{A8FB42CC-0926-4523-B312-97A44CA29426}"
EndProject
Global
	GlobalSection(SolutionConfigurationPlatforms) = preSolution
		Debug|Any CPU = Debug|Any CPU
		Release|Any CPU = Release|Any CPU
	EndGlobalSection
	GlobalSection(ProjectConfigurationPlatforms) = postSolution
		{A8FB42CC-0926-4523-B312-97A44CA29426}.Debug|Any CPU.ActiveCfg = Debug|Any CPU
		{A8FB42CC-0926-4523-B312-97A44CA29426}.Debug|Any CPU.Build.0 = Debug|Any CPU
		{A8FB42CC-0926-4523-B312-97A44CA29426}.Release|Any CPU.ActiveCfg = Release|Any CPU
		{A8FB42CC-0926-4523-B312-97A44CA29426}.Release|Any CPU.Build.0 = Release|Any CPU
	EndGlobalSection
	GlobalSection(SolutionProperties) = preSolution
		HideSolutionNode = FALSE
	EndGlobalSection
	GlobalSection(ExtensibilityGlobals) = postSolution
		SolutionGuid = {7C3545C8-38E2-46EB-87D3-5D085B99BBB9}
	EndGlobalSection
EndGlobal
